
Microsoft Visual Studio Solution File, Format Version 10.00
# Visual Studio 2008
Project("{8BC9CEB8-8B4A-11D0-8D11-00A0C91BC942}") = "Interlayer", "Interlayer\Interlayer.vcproj", "{42291B8C-82A0-4C07-BB7C-5AD6698A26AE}"
	ProjectSection(ProjectDependencies) = postProject
		{C5C70700-DFA9-46EC-9A0E-2E41C3680DF9} = {C5C70700-DFA9-46EC-9A0E-2E41C3680DF9}
		{33B47808-CABB-4A96-99C1-6A3F42A48E59} = {33B47808-CABB-4A96-99C1-6A3F42A48E59}
		{0496F90B-67AF-4573-B46A-4AA5AF2B8405} = {0496F90B-67AF-4573-B46A-4AA5AF2B8405}
		{AAEECF0F-72D6-49D2-B2D0-6F109ECA9FC6} = {AAEECF0F-72D6-49D2-B2D0-6F109ECA9FC6}
		{CEAA3F10-EDDE-4744-85B7-FE98496482FA} = {CEAA3F10-EDDE-4744-85B7-FE98496482FA}
		{B5D29F16-6333-4889-A345-0A12871B5AE8} = {B5D29F16-6333-4889-A345-0A12871B5AE8}
		{51B7252F-7838-469F-8E86-F5EFBF6DC00E} = {51B7252F-7838-469F-8E86-F5EFBF6DC00E}
		{48A7A84D-A592-45D4-AC64-56703675DF27} = {48A7A84D-A592-45D4-AC64-56703675DF27}
		{A31DD05D-259A-47A6-8089-5320707C21E5} = {A31DD05D-259A-47A6-8089-5320707C21E5}
		{828F726E-58A4-46F6-9810-5A120BA40D72} = {828F726E-58A4-46F6-9810-5A120BA40D72}
		{82240D74-09A7-49F8-A8DC-AB5451DDC017} = {82240D74-09A7-49F8-A8DC-AB5451DDC017}
		{8CF530A4-0E2A-4FE1-9E55-DA95FEB286FB} = {8CF530A4-0E2A-4FE1-9E55-DA95FEB286FB}
		{B93ADCC5-A0A9-42BA-84A2-F3AA6161690B} = {B93ADCC5-A0A9-42BA-84A2-F3AA6161690B}
		{A57A27D5-192B-400F-A771-F3B613FDC4CF} = {A57A27D5-192B-400F-A771-F3B613FDC4CF}
		{7FC9F6DA-7F7A-4287-AAC3-64A81C453163} = {7FC9F6DA-7F7A-4287-AAC3-64A81C453163}
		{0AB9A3E9-2DF3-4536-A099-F317DB547E55} = {0AB9A3E9-2DF3-4536-A099-F317DB547E55}
		{34EBC2FA-8DCA-49B1-A5C0-4E6A7DC51E80} = {34EBC2FA-8DCA-49B1-A5C0-4E6A7DC51E80}
	EndProjectSection
EndProject
Project("{8BC9CEB8-8B4A-11D0-8D11-00A0C91BC942}") = "GridCtrl", "Interlayer\GridCtrl\Grid.vcproj", "{82240D74-09A7-49F8-A8DC-AB5451DDC017}"
	ProjectSection(ProjectDependencies) = postProject
		{C5C70700-DFA9-46EC-9A0E-2E41C3680DF9} = {C5C70700-DFA9-46EC-9A0E-2E41C3680DF9}
	EndProjectSection
EndProject
Project("{8BC9CEB8-8B4A-11D0-8D11-00A0C91BC942}") = "MiniExcel", "Interlayer\GridCtrl\MiniExcel\MiniExcel.vcproj", "{C5C70700-DFA9-46EC-9A0E-2E41C3680DF9}"
EndProject
Project("{8BC9CEB8-8B4A-11D0-8D11-00A0C91BC942}") = "AFC", "Interlayer\AFC\AFC.vcproj", "{7FC9F6DA-7F7A-4287-AAC3-64A81C453163}"
EndProject
Project("{8BC9CEB8-8B4A-11D0-8D11-00A0C91BC942}") = "AdoX", "Interlayer\AdoX\AdoX.vcproj", "{33B47808-CABB-4A96-99C1-6A3F42A48E59}"
EndProject
Project("{8BC9CEB8-8B4A-11D0-8D11-00A0C91BC942}") = "CxImageMfcDll", "Interlayer\cximage599c\CxImage\CxImageDLL\cximagemfcdll.vcproj", "{A31DD05D-259A-47A6-8089-5320707C21E5}"
	ProjectSection(ProjectDependencies) = postProject
		{0496F90B-67AF-4573-B46A-4AA5AF2B8405} = {0496F90B-67AF-4573-B46A-4AA5AF2B8405}
		{AAEECF0F-72D6-49D2-B2D0-6F109ECA9FC6} = {AAEECF0F-72D6-49D2-B2D0-6F109ECA9FC6}
		{CEAA3F10-EDDE-4744-85B7-FE98496482FA} = {CEAA3F10-EDDE-4744-85B7-FE98496482FA}
		{B5D29F16-6333-4889-A345-0A12871B5AE8} = {B5D29F16-6333-4889-A345-0A12871B5AE8}
		{51B7252F-7838-469F-8E86-F5EFBF6DC00E} = {51B7252F-7838-469F-8E86-F5EFBF6DC00E}
		{8CF530A4-0E2A-4FE1-9E55-DA95FEB286FB} = {8CF530A4-0E2A-4FE1-9E55-DA95FEB286FB}
		{0AB9A3E9-2DF3-4536-A099-F317DB547E55} = {0AB9A3E9-2DF3-4536-A099-F317DB547E55}
		{34EBC2FA-8DCA-49B1-A5C0-4E6A7DC51E80} = {34EBC2FA-8DCA-49B1-A5C0-4E6A7DC51E80}
	EndProjectSection
EndProject
Project("{8BC9CEB8-8B4A-11D0-8D11-00A0C91BC942}") = "Delaunay", "Interlayer\Delaunay\Delaunay.vcproj", "{48A7A84D-A592-45D4-AC64-56703675DF27}"
EndProject
Project("{54435603-DBB4-11D2-8724-00A0C9A8B90C}") = "Setup", "Setup\Setup.vdproj", "{DBDDB57B-7B91-4E00-A9D7-1729E068347E}"
EndProject
Project("{8BC9CEB8-8B4A-11D0-8D11-00A0C91BC942}") = "DispLogCurve", "Interlayer\DispLogCurve\DispLogCurve.vcproj", "{A57A27D5-192B-400F-A771-F3B613FDC4CF}"
	ProjectSection(ProjectDependencies) = postProject
		{C5C70700-DFA9-46EC-9A0E-2E41C3680DF9} = {C5C70700-DFA9-46EC-9A0E-2E41C3680DF9}
		{33B47808-CABB-4A96-99C1-6A3F42A48E59} = {33B47808-CABB-4A96-99C1-6A3F42A48E59}
		{82240D74-09A7-49F8-A8DC-AB5451DDC017} = {82240D74-09A7-49F8-A8DC-AB5451DDC017}
		{7FC9F6DA-7F7A-4287-AAC3-64A81C453163} = {7FC9F6DA-7F7A-4287-AAC3-64A81C453163}
	EndProjectSection
EndProject
Project("{8BC9CEB8-8B4A-11D0-8D11-00A0C91BC942}") = "ReadLogFile", "Interlayer\ReadLogFile\ReadLogFile.vcproj", "{828F726E-58A4-46F6-9810-5A120BA40D72}"
EndProject
Project("{8BC9CEB8-8B4A-11D0-8D11-00A0C91BC942}") = "jasper", "Interlayer\cximage599c\jasper\jasper.vcproj", "{51B7252F-7838-469F-8E86-F5EFBF6DC00E}"
EndProject
Project("{8BC9CEB8-8B4A-11D0-8D11-00A0C91BC942}") = "jbig", "Interlayer\cximage599c\jbig\jbig.vcproj", "{B5D29F16-6333-4889-A345-0A12871B5AE8}"
EndProject
Project("{8BC9CEB8-8B4A-11D0-8D11-00A0C91BC942}") = "jpeg", "Interlayer\cximage599c\jpeg\Jpeg.vcproj", "{0AB9A3E9-2DF3-4536-A099-F317DB547E55}"
EndProject
Project("{8BC9CEB8-8B4A-11D0-8D11-00A0C91BC942}") = "mng", "Interlayer\cximage599c\mng\mng.vcproj", "{8CF530A4-0E2A-4FE1-9E55-DA95FEB286FB}"
EndProject
Project("{8BC9CEB8-8B4A-11D0-8D11-00A0C91BC942}") = "png", "Interlayer\cximage599c\png\png.vcproj", "{34EBC2FA-8DCA-49B1-A5C0-4E6A7DC51E80}"
EndProject
Project("{8BC9CEB8-8B4A-11D0-8D11-00A0C91BC942}") = "libdcr", "Interlayer\cximage599c\raw\libdcr.vcproj", "{0496F90B-67AF-4573-B46A-4AA5AF2B8405}"
EndProject
Project("{8BC9CEB8-8B4A-11D0-8D11-00A0C91BC942}") = "tiff", "Interlayer\cximage599c\tiff\Tiff.vcproj", "{AAEECF0F-72D6-49D2-B2D0-6F109ECA9FC6}"
EndProject
Project("{8BC9CEB8-8B4A-11D0-8D11-00A0C91BC942}") = "zlib", "Interlayer\cximage599c\zlib\zlib.vcproj", "{CEAA3F10-EDDE-4744-85B7-FE98496482FA}"
EndProject
Project("{8BC9CEB8-8B4A-11D0-8D11-00A0C91BC942}") = "GridCellShape", "ShapeDll\GridCellShape\GridCellShape.vcproj", "{B93ADCC5-A0A9-42BA-84A2-F3AA6161690B}"
EndProject
Global
	GlobalSection(SolutionConfigurationPlatforms) = preSolution
		Debug|Itanium = Debug|Itanium
		Debug|Win32 = Debug|Win32
		Release|Itanium = Release|Itanium
		Release|Win32 = Release|Win32
		Unicode Debug|Itanium = Unicode Debug|Itanium
		Unicode Debug|Win32 = Unicode Debug|Win32
		Unicode Release|Itanium = Unicode Release|Itanium
		Unicode Release|Win32 = Unicode Release|Win32
	EndGlobalSection
	GlobalSection(ProjectConfigurationPlatforms) = postSolution
		{42291B8C-82A0-4C07-BB7C-5AD6698A26AE}.Debug|Itanium.ActiveCfg = Debug|Win32
		{42291B8C-82A0-4C07-BB7C-5AD6698A26AE}.Debug|Win32.ActiveCfg = Debug|Win32
		{42291B8C-82A0-4C07-BB7C-5AD6698A26AE}.Debug|Win32.Build.0 = Debug|Win32
		{42291B8C-82A0-4C07-BB7C-5AD6698A26AE}.Release|Itanium.ActiveCfg = Release|Win32
		{42291B8C-82A0-4C07-BB7C-5AD6698A26AE}.Release|Win32.ActiveCfg = Release|Win32
		{42291B8C-82A0-4C07-BB7C-5AD6698A26AE}.Release|Win32.Build.0 = Release|Win32
		{42291B8C-82A0-4C07-BB7C-5AD6698A26AE}.Unicode Debug|Itanium.ActiveCfg = Debug|Win32
		{42291B8C-82A0-4C07-BB7C-5AD6698A26AE}.Unicode Debug|Win32.ActiveCfg = Debug|Win32
		{42291B8C-82A0-4C07-BB7C-5AD6698A26AE}.Unicode Debug|Win32.Build.0 = Debug|Win32
		{42291B8C-82A0-4C07-BB7C-5AD6698A26AE}.Unicode Release|Itanium.ActiveCfg = Release|Win32
		{42291B8C-82A0-4C07-BB7C-5AD6698A26AE}.Unicode Release|Win32.ActiveCfg = Release|Win32
		{42291B8C-82A0-4C07-BB7C-5AD6698A26AE}.Unicode Release|Win32.Build.0 = Release|Win32
		{82240D74-09A7-49F8-A8DC-AB5451DDC017}.Debug|Itanium.ActiveCfg = Debug|Win32
		{82240D74-09A7-49F8-A8DC-AB5451DDC017}.Debug|Win32.ActiveCfg = Debug|Win32
		{82240D74-09A7-49F8-A8DC-AB5451DDC017}.Debug|Win32.Build.0 = Debug|Win32
		{82240D74-09A7-49F8-A8DC-AB5451DDC017}.Release|Itanium.ActiveCfg = Release|Win32
		{82240D74-09A7-49F8-A8DC-AB5451DDC017}.Release|Win32.ActiveCfg = Release|Win32
		{82240D74-09A7-49F8-A8DC-AB5451DDC017}.Release|Win32.Build.0 = Release|Win32
		{82240D74-09A7-49F8-A8DC-AB5451DDC017}.Unicode Debug|Itanium.ActiveCfg = Debug|Win32
		{82240D74-09A7-49F8-A8DC-AB5451DDC017}.Unicode Debug|Win32.ActiveCfg = Debug|Win32
		{82240D74-09A7-49F8-A8DC-AB5451DDC017}.Unicode Debug|Win32.Build.0 = Debug|Win32
		{82240D74-09A7-49F8-A8DC-AB5451DDC017}.Unicode Release|Itanium.ActiveCfg = Release|Win32
		{82240D74-09A7-49F8-A8DC-AB5451DDC017}.Unicode Release|Win32.ActiveCfg = Release|Win32
		{82240D74-09A7-49F8-A8DC-AB5451DDC017}.Unicode Release|Win32.Build.0 = Release|Win32
		{C5C70700-DFA9-46EC-9A0E-2E41C3680DF9}.Debug|Itanium.ActiveCfg = Debug|Win32
		{C5C70700-DFA9-46EC-9A0E-2E41C3680DF9}.Debug|Win32.ActiveCfg = Debug|Win32
		{C5C70700-DFA9-46EC-9A0E-2E41C3680DF9}.Debug|Win32.Build.0 = Debug|Win32
		{C5C70700-DFA9-46EC-9A0E-2E41C3680DF9}.Release|Itanium.ActiveCfg = Release|Win32
		{C5C70700-DFA9-46EC-9A0E-2E41C3680DF9}.Release|Win32.ActiveCfg = Release|Win32
		{C5C70700-DFA9-46EC-9A0E-2E41C3680DF9}.Release|Win32.Build.0 = Release|Win32
		{C5C70700-DFA9-46EC-9A0E-2E41C3680DF9}.Unicode Debug|Itanium.ActiveCfg = Debug|Win32
		{C5C70700-DFA9-46EC-9A0E-2E41C3680DF9}.Unicode Debug|Win32.ActiveCfg = Debug|Win32
		{C5C70700-DFA9-46EC-9A0E-2E41C3680DF9}.Unicode Debug|Win32.Build.0 = Debug|Win32
		{C5C70700-DFA9-46EC-9A0E-2E41C3680DF9}.Unicode Release|Itanium.ActiveCfg = Release|Win32
		{C5C70700-DFA9-46EC-9A0E-2E41C3680DF9}.Unicode Release|Win32.ActiveCfg = Release|Win32
		{C5C70700-DFA9-46EC-9A0E-2E41C3680DF9}.Unicode Release|Win32.Build.0 = Release|Win32
		{7FC9F6DA-7F7A-4287-AAC3-64A81C453163}.Debug|Itanium.ActiveCfg = Debug|Win32
		{7FC9F6DA-7F7A-4287-AAC3-64A81C453163}.Debug|Win32.ActiveCfg = Debug|Win32
		{7FC9F6DA-7F7A-4287-AAC3-64A81C453163}.Debug|Win32.Build.0 = Debug|Win32
		{7FC9F6DA-7F7A-4287-AAC3-64A81C453163}.Release|Itanium.ActiveCfg = Release|Win32
		{7FC9F6DA-7F7A-4287-AAC3-64A81C453163}.Release|Win32.ActiveCfg = Release|Win32
		{7FC9F6DA-7F7A-4287-AAC3-64A81C453163}.Release|Win32.Build.0 = Release|Win32
		{7FC9F6DA-7F7A-4287-AAC3-64A81C453163}.Unicode Debug|Itanium.ActiveCfg = Debug|Win32
		{7FC9F6DA-7F7A-4287-AAC3-64A81C453163}.Unicode Debug|Win32.ActiveCfg = Debug|Win32
		{7FC9F6DA-7F7A-4287-AAC3-64A81C453163}.Unicode Debug|Win32.Build.0 = Debug|Win32
		{7FC9F6DA-7F7A-4287-AAC3-64A81C453163}.Unicode Release|Itanium.ActiveCfg = Release|Win32
		{7FC9F6DA-7F7A-4287-AAC3-64A81C453163}.Unicode Release|Win32.ActiveCfg = Release|Win32
		{7FC9F6DA-7F7A-4287-AAC3-64A81C453163}.Unicode Release|Win32.Build.0 = Release|Win32
		{33B47808-CABB-4A96-99C1-6A3F42A48E59}.Debug|Itanium.ActiveCfg = Debug|Win32
		{33B47808-CABB-4A96-99C1-6A3F42A48E59}.Debug|Win32.ActiveCfg = Debug|Win32
		{33B47808-CABB-4A96-99C1-6A3F42A48E59}.Debug|Win32.Build.0 = Debug|Win32
		{33B47808-CABB-4A96-99C1-6A3F42A48E59}.Release|Itanium.ActiveCfg = Release|Win32
		{33B47808-CABB-4A96-99C1-6A3F42A48E59}.Release|Win32.ActiveCfg = Release|Win32
		{33B47808-CABB-4A96-99C1-6A3F42A48E59}.Release|Win32.Build.0 = Release|Win32
		{33B47808-CABB-4A96-99C1-6A3F42A48E59}.Unicode Debug|Itanium.ActiveCfg = Debug|Win32
		{33B47808-CABB-4A96-99C1-6A3F42A48E59}.Unicode Debug|Win32.ActiveCfg = Debug|Win32
		{33B47808-CABB-4A96-99C1-6A3F42A48E59}.Unicode Debug|Win32.Build.0 = Debug|Win32
		{33B47808-CABB-4A96-99C1-6A3F42A48E59}.Unicode Release|Itanium.ActiveCfg = Release|Win32
		{33B47808-CABB-4A96-99C1-6A3F42A48E59}.Unicode Release|Win32.ActiveCfg = Release|Win32
		{33B47808-CABB-4A96-99C1-6A3F42A48E59}.Unicode Release|Win32.Build.0 = Release|Win32
		{A31DD05D-259A-47A6-8089-5320707C21E5}.Debug|Itanium.ActiveCfg = Debug|Itanium
		{A31DD05D-259A-47A6-8089-5320707C21E5}.Debug|Itanium.Build.0 = Debug|Itanium
		{A31DD05D-259A-47A6-8089-5320707C21E5}.Debug|Win32.ActiveCfg = Debug|Win32
		{A31DD05D-259A-47A6-8089-5320707C21E5}.Debug|Win32.Build.0 = Debug|Win32
		{A31DD05D-259A-47A6-8089-5320707C21E5}.Release|Itanium.ActiveCfg = Release|Itanium
		{A31DD05D-259A-47A6-8089-5320707C21E5}.Release|Itanium.Build.0 = Release|Itanium
		{A31DD05D-259A-47A6-8089-5320707C21E5}.Release|Win32.ActiveCfg = Release|Win32
		{A31DD05D-259A-47A6-8089-5320707C21E5}.Release|Win32.Build.0 = Release|Win32
		{A31DD05D-259A-47A6-8089-5320707C21E5}.Unicode Debug|Itanium.ActiveCfg = Unicode Debug|Itanium
		{A31DD05D-259A-47A6-8089-5320707C21E5}.Unicode Debug|Itanium.Build.0 = Unicode Debug|Itanium
		{A31DD05D-259A-47A6-8089-5320707C21E5}.Unicode Debug|Win32.ActiveCfg = Unicode Debug|Win32
		{A31DD05D-259A-47A6-8089-5320707C21E5}.Unicode Debug|Win32.Build.0 = Unicode Debug|Win32
		{A31DD05D-259A-47A6-8089-5320707C21E5}.Unicode Release|Itanium.ActiveCfg = Unicode Release|Itanium
		{A31DD05D-259A-47A6-8089-5320707C21E5}.Unicode Release|Itanium.Build.0 = Unicode Release|Itanium
		{A31DD05D-259A-47A6-8089-5320707C21E5}.Unicode Release|Win32.ActiveCfg = Unicode Release|Win32
		{A31DD05D-259A-47A6-8089-5320707C21E5}.Unicode Release|Win32.Build.0 = Unicode Release|Win32
		{48A7A84D-A592-45D4-AC64-56703675DF27}.Debug|Itanium.ActiveCfg = Debug|Win32
		{48A7A84D-A592-45D4-AC64-56703675DF27}.Debug|Win32.ActiveCfg = Debug|Win32
		{48A7A84D-A592-45D4-AC64-56703675DF27}.Debug|Win32.Build.0 = Debug|Win32
		{48A7A84D-A592-45D4-AC64-56703675DF27}.Release|Itanium.ActiveCfg = Release|Win32
		{48A7A84D-A592-45D4-AC64-56703675DF27}.Release|Win32.ActiveCfg = Release|Win32
		{48A7A84D-A592-45D4-AC64-56703675DF27}.Release|Win32.Build.0 = Release|Win32
		{48A7A84D-A592-45D4-AC64-56703675DF27}.Unicode Debug|Itanium.ActiveCfg = Debug|Win32
		{48A7A84D-A592-45D4-AC64-56703675DF27}.Unicode Debug|Win32.ActiveCfg = Debug|Win32
		{48A7A84D-A592-45D4-AC64-56703675DF27}.Unicode Debug|Win32.Build.0 = Debug|Win32
		{48A7A84D-A592-45D4-AC64-56703675DF27}.Unicode Release|Itanium.ActiveCfg = Release|Win32
		{48A7A84D-A592-45D4-AC64-56703675DF27}.Unicode Release|Win32.ActiveCfg = Release|Win32
		{48A7A84D-A592-45D4-AC64-56703675DF27}.Unicode Release|Win32.Build.0 = Release|Win32
		{DBDDB57B-7B91-4E00-A9D7-1729E068347E}.Debug|Itanium.ActiveCfg = Debug
		{DBDDB57B-7B91-4E00-A9D7-1729E068347E}.Debug|Itanium.Build.0 = Debug
		{DBDDB57B-7B91-4E00-A9D7-1729E068347E}.Debug|Win32.ActiveCfg = Debug
		{DBDDB57B-7B91-4E00-A9D7-1729E068347E}.Release|Itanium.ActiveCfg = Release
		{DBDDB57B-7B91-4E00-A9D7-1729E068347E}.Release|Itanium.Build.0 = Release
		{DBDDB57B-7B91-4E00-A9D7-1729E068347E}.Release|Win32.ActiveCfg = Release
		{DBDDB57B-7B91-4E00-A9D7-1729E068347E}.Unicode Debug|Itanium.ActiveCfg = Debug
		{DBDDB57B-7B91-4E00-A9D7-1729E068347E}.Unicode Debug|Itanium.Build.0 = Debug
		{DBDDB57B-7B91-4E00-A9D7-1729E068347E}.Unicode Debug|Win32.ActiveCfg = Debug
		{DBDDB57B-7B91-4E00-A9D7-1729E068347E}.Unicode Debug|Win32.Build.0 = Debug
		{DBDDB57B-7B91-4E00-A9D7-1729E068347E}.Unicode Release|Itanium.ActiveCfg = Release
		{DBDDB57B-7B91-4E00-A9D7-1729E068347E}.Unicode Release|Itanium.Build.0 = Release
		{DBDDB57B-7B91-4E00-A9D7-1729E068347E}.Unicode Release|Win32.ActiveCfg = Release
		{DBDDB57B-7B91-4E00-A9D7-1729E068347E}.Unicode Release|Win32.Build.0 = Release
		{A57A27D5-192B-400F-A771-F3B613FDC4CF}.Debug|Itanium.ActiveCfg = Debug|Win32
		{A57A27D5-192B-400F-A771-F3B613FDC4CF}.Debug|Win32.ActiveCfg = Debug|Win32
		{A57A27D5-192B-400F-A771-F3B613FDC4CF}.Debug|Win32.Build.0 = Debug|Win32
		{A57A27D5-192B-400F-A771-F3B613FDC4CF}.Release|Itanium.ActiveCfg = Release|Win32
		{A57A27D5-192B-400F-A771-F3B613FDC4CF}.Release|Win32.ActiveCfg = Release|Win32
		{A57A27D5-192B-400F-A771-F3B613FDC4CF}.Release|Win32.Build.0 = Release|Win32
		{A57A27D5-192B-400F-A771-F3B613FDC4CF}.Unicode Debug|Itanium.ActiveCfg = Debug|Win32
		{A57A27D5-192B-400F-A771-F3B613FDC4CF}.Unicode Debug|Win32.ActiveCfg = Debug|Win32
		{A57A27D5-192B-400F-A771-F3B613FDC4CF}.Unicode Debug|Win32.Build.0 = Debug|Win32
		{A57A27D5-192B-400F-A771-F3B613FDC4CF}.Unicode Release|Itanium.ActiveCfg = Release|Win32
		{A57A27D5-192B-400F-A771-F3B613FDC4CF}.Unicode Release|Win32.ActiveCfg = Release|Win32
		{A57A27D5-192B-400F-A771-F3B613FDC4CF}.Unicode Release|Win32.Build.0 = Release|Win32
		{828F726E-58A4-46F6-9810-5A120BA40D72}.Debug|Itanium.ActiveCfg = Debug|Win32
		{828F726E-58A4-46F6-9810-5A120BA40D72}.Debug|Win32.ActiveCfg = Debug|Win32
		{828F726E-58A4-46F6-9810-5A120BA40D72}.Debug|Win32.Build.0 = Debug|Win32
		{828F726E-58A4-46F6-9810-5A120BA40D72}.Release|Itanium.ActiveCfg = Release|Win32
		{828F726E-58A4-46F6-9810-5A120BA40D72}.Release|Win32.ActiveCfg = Release|Win32
		{828F726E-58A4-46F6-9810-5A120BA40D72}.Release|Win32.Build.0 = Release|Win32
		{828F726E-58A4-46F6-9810-5A120BA40D72}.Unicode Debug|Itanium.ActiveCfg = Debug|Win32
		{828F726E-58A4-46F6-9810-5A120BA40D72}.Unicode Debug|Win32.ActiveCfg = Debug|Win32
		{828F726E-58A4-46F6-9810-5A120BA40D72}.Unicode Debug|Win32.Build.0 = Debug|Win32
		{828F726E-58A4-46F6-9810-5A120BA40D72}.Unicode Release|Itanium.ActiveCfg = Release|Win32
		{828F726E-58A4-46F6-9810-5A120BA40D72}.Unicode Release|Win32.ActiveCfg = Release|Win32
		{828F726E-58A4-46F6-9810-5A120BA40D72}.Unicode Release|Win32.Build.0 = Release|Win32
		{51B7252F-7838-469F-8E86-F5EFBF6DC00E}.Debug|Itanium.ActiveCfg = Debug|Itanium
		{51B7252F-7838-469F-8E86-F5EFBF6DC00E}.Debug|Itanium.Build.0 = Debug|Itanium
		{51B7252F-7838-469F-8E86-F5EFBF6DC00E}.Debug|Win32.ActiveCfg = Debug|Win32
		{51B7252F-7838-469F-8E86-F5EFBF6DC00E}.Debug|Win32.Build.0 = Debug|Win32
		{51B7252F-7838-469F-8E86-F5EFBF6DC00E}.Release|Itanium.ActiveCfg = Release|Itanium
		{51B7252F-7838-469F-8E86-F5EFBF6DC00E}.Release|Itanium.Build.0 = Release|Itanium
		{51B7252F-7838-469F-8E86-F5EFBF6DC00E}.Release|Win32.ActiveCfg = Release|Win32
		{51B7252F-7838-469F-8E86-F5EFBF6DC00E}.Release|Win32.Build.0 = Release|Win32
		{51B7252F-7838-469F-8E86-F5EFBF6DC00E}.Unicode Debug|Itanium.ActiveCfg = Unicode Debug|Itanium
		{51B7252F-7838-469F-8E86-F5EFBF6DC00E}.Unicode Debug|Itanium.Build.0 = Unicode Debug|Itanium
		{51B7252F-7838-469F-8E86-F5EFBF6DC00E}.Unicode Debug|Win32.ActiveCfg = Unicode Debug|Win32
		{51B7252F-7838-469F-8E86-F5EFBF6DC00E}.Unicode Debug|Win32.Build.0 = Unicode Debug|Win32
		{51B7252F-7838-469F-8E86-F5EFBF6DC00E}.Unicode Release|Itanium.ActiveCfg = Unicode Release|Itanium
		{51B7252F-7838-469F-8E86-F5EFBF6DC00E}.Unicode Release|Itanium.Build.0 = Unicode Release|Itanium
		{51B7252F-7838-469F-8E86-F5EFBF6DC00E}.Unicode Release|Win32.ActiveCfg = Unicode Release|Win32
		{51B7252F-7838-469F-8E86-F5EFBF6DC00E}.Unicode Release|Win32.Build.0 = Unicode Release|Win32
		{B5D29F16-6333-4889-A345-0A12871B5AE8}.Debug|Itanium.ActiveCfg = Debug|Itanium
		{B5D29F16-6333-4889-A345-0A12871B5AE8}.Debug|Itanium.Build.0 = Debug|Itanium
		{B5D29F16-6333-4889-A345-0A12871B5AE8}.Debug|Win32.ActiveCfg = Debug|Win32
		{B5D29F16-6333-4889-A345-0A12871B5AE8}.Debug|Win32.Build.0 = Debug|Win32
		{B5D29F16-6333-4889-A345-0A12871B5AE8}.Release|Itanium.ActiveCfg = Release|Itanium
		{B5D29F16-6333-4889-A345-0A12871B5AE8}.Release|Itanium.Build.0 = Release|Itanium
		{B5D29F16-6333-4889-A345-0A12871B5AE8}.Release|Win32.ActiveCfg = Release|Win32
		{B5D29F16-6333-4889-A345-0A12871B5AE8}.Release|Win32.Build.0 = Release|Win32
		{B5D29F16-6333-4889-A345-0A12871B5AE8}.Unicode Debug|Itanium.ActiveCfg = Unicode Debug|Itanium
		{B5D29F16-6333-4889-A345-0A12871B5AE8}.Unicode Debug|Itanium.Build.0 = Unicode Debug|Itanium
		{B5D29F16-6333-4889-A345-0A12871B5AE8}.Unicode Debug|Win32.ActiveCfg = Unicode Debug|Win32
		{B5D29F16-6333-4889-A345-0A12871B5AE8}.Unicode Debug|Win32.Build.0 = Unicode Debug|Win32
		{B5D29F16-6333-4889-A345-0A12871B5AE8}.Unicode Release|Itanium.ActiveCfg = Unicode Release|Itanium
		{B5D29F16-6333-4889-A345-0A12871B5AE8}.Unicode Release|Itanium.Build.0 = Unicode Release|Itanium
		{B5D29F16-6333-4889-A345-0A12871B5AE8}.Unicode Release|Win32.ActiveCfg = Unicode Release|Win32
		{B5D29F16-6333-4889-A345-0A12871B5AE8}.Unicode Release|Win32.Build.0 = Unicode Release|Win32
		{0AB9A3E9-2DF3-4536-A099-F317DB547E55}.Debug|Itanium.ActiveCfg = Debug|Itanium
		{0AB9A3E9-2DF3-4536-A099-F317DB547E55}.Debug|Itanium.Build.0 = Debug|Itanium
		{0AB9A3E9-2DF3-4536-A099-F317DB547E55}.Debug|Win32.ActiveCfg = Debug|Win32
		{0AB9A3E9-2DF3-4536-A099-F317DB547E55}.Debug|Win32.Build.0 = Debug|Win32
		{0AB9A3E9-2DF3-4536-A099-F317DB547E55}.Release|Itanium.ActiveCfg = Release|Itanium
		{0AB9A3E9-2DF3-4536-A099-F317DB547E55}.Release|Itanium.Build.0 = Release|Itanium
		{0AB9A3E9-2DF3-4536-A099-F317DB547E55}.Release|Win32.ActiveCfg = Release|Win32
		{0AB9A3E9-2DF3-4536-A099-F317DB547E55}.Release|Win32.Build.0 = Release|Win32
		{0AB9A3E9-2DF3-4536-A099-F317DB547E55}.Unicode Debug|Itanium.ActiveCfg = Unicode Debug|Itanium
		{0AB9A3E9-2DF3-4536-A099-F317DB547E55}.Unicode Debug|Itanium.Build.0 = Unicode Debug|Itanium
		{0AB9A3E9-2DF3-4536-A099-F317DB547E55}.Unicode Debug|Win32.ActiveCfg = Unicode Debug|Win32
		{0AB9A3E9-2DF3-4536-A099-F317DB547E55}.Unicode Debug|Win32.Build.0 = Unicode Debug|Win32
		{0AB9A3E9-2DF3-4536-A099-F317DB547E55}.Unicode Release|Itanium.ActiveCfg = Unicode Release|Itanium
		{0AB9A3E9-2DF3-4536-A099-F317DB547E55}.Unicode Release|Itanium.Build.0 = Unicode Release|Itanium
		{0AB9A3E9-2DF3-4536-A099-F317DB547E55}.Unicode Release|Win32.ActiveCfg = Unicode Release|Win32
		{0AB9A3E9-2DF3-4536-A099-F317DB547E55}.Unicode Release|Win32.Build.0 = Unicode Release|Win32
		{8CF530A4-0E2A-4FE1-9E55-DA95FEB286FB}.Debug|Itanium.ActiveCfg = Debug|Itanium
		{8CF530A4-0E2A-4FE1-9E55-DA95FEB286FB}.Debug|Itanium.Build.0 = Debug|Itanium
		{8CF530A4-0E2A-4FE1-9E55-DA95FEB286FB}.Debug|Win32.ActiveCfg = Debug|Win32
		{8CF530A4-0E2A-4FE1-9E55-DA95FEB286FB}.Debug|Win32.Build.0 = Debug|Win32
		{8CF530A4-0E2A-4FE1-9E55-DA95FEB286FB}.Release|Itanium.ActiveCfg = Release|Itanium
		{8CF530A4-0E2A-4FE1-9E55-DA95FEB286FB}.Release|Itanium.Build.0 = Release|Itanium
		{8CF530A4-0E2A-4FE1-9E55-DA95FEB286FB}.Release|Win32.ActiveCfg = Release|Win32
		{8CF530A4-0E2A-4FE1-9E55-DA95FEB286FB}.Release|Win32.Build.0 = Release|Win32
		{8CF530A4-0E2A-4FE1-9E55-DA95FEB286FB}.Unicode Debug|Itanium.ActiveCfg = Unicode Debug|Itanium
		{8CF530A4-0E2A-4FE1-9E55-DA95FEB286FB}.Unicode Debug|Itanium.Build.0 = Unicode Debug|Itanium
		{8CF530A4-0E2A-4FE1-9E55-DA95FEB286FB}.Unicode Debug|Win32.ActiveCfg = Unicode Debug|Win32
		{8CF530A4-0E2A-4FE1-9E55-DA95FEB286FB}.Unicode Debug|Win32.Build.0 = Unicode Debug|Win32
		{8CF530A4-0E2A-4FE1-9E55-DA95FEB286FB}.Unicode Release|Itanium.ActiveCfg = Unicode Release|Itanium
		{8CF530A4-0E2A-4FE1-9E55-DA95FEB286FB}.Unicode Release|Itanium.Build.0 = Unicode Release|Itanium
		{8CF530A4-0E2A-4FE1-9E55-DA95FEB286FB}.Unicode Release|Win32.ActiveCfg = Unicode Release|Win32
		{8CF530A4-0E2A-4FE1-9E55-DA95FEB286FB}.Unicode Release|Win32.Build.0 = Unicode Release|Win32
		{34EBC2FA-8DCA-49B1-A5C0-4E6A7DC51E80}.Debug|Itanium.ActiveCfg = Debug|Itanium
		{34EBC2FA-8DCA-49B1-A5C0-4E6A7DC51E80}.Debug|Itanium.Build.0 = Debug|Itanium
		{34EBC2FA-8DCA-49B1-A5C0-4E6A7DC51E80}.Debug|Win32.ActiveCfg = Debug|Win32
		{34EBC2FA-8DCA-49B1-A5C0-4E6A7DC51E80}.Debug|Win32.Build.0 = Debug|Win32
		{34EBC2FA-8DCA-49B1-A5C0-4E6A7DC51E80}.Release|Itanium.ActiveCfg = Release|Itanium
		{34EBC2FA-8DCA-49B1-A5C0-4E6A7DC51E80}.Release|Itanium.Build.0 = Release|Itanium
		{34EBC2FA-8DCA-49B1-A5C0-4E6A7DC51E80}.Release|Win32.ActiveCfg = Release|Win32
		{34EBC2FA-8DCA-49B1-A5C0-4E6A7DC51E80}.Release|Win32.Build.0 = Release|Win32
		{34EBC2FA-8DCA-49B1-A5C0-4E6A7DC51E80}.Unicode Debug|Itanium.ActiveCfg = Unicode Debug|Itanium
		{34EBC2FA-8DCA-49B1-A5C0-4E6A7DC51E80}.Unicode Debug|Itanium.Build.0 = Unicode Debug|Itanium
		{34EBC2FA-8DCA-49B1-A5C0-4E6A7DC51E80}.Unicode Debug|Win32.ActiveCfg = Unicode Debug|Win32
		{34EBC2FA-8DCA-49B1-A5C0-4E6A7DC51E80}.Unicode Debug|Win32.Build.0 = Unicode Debug|Win32
		{34EBC2FA-8DCA-49B1-A5C0-4E6A7DC51E80}.Unicode Release|Itanium.ActiveCfg = Unicode Release|Itanium
		{34EBC2FA-8DCA-49B1-A5C0-4E6A7DC51E80}.Unicode Release|Itanium.Build.0 = Unicode Release|Itanium
		{34EBC2FA-8DCA-49B1-A5C0-4E6A7DC51E80}.Unicode Release|Win32.ActiveCfg = Unicode Release|Win32
		{34EBC2FA-8DCA-49B1-A5C0-4E6A7DC51E80}.Unicode Release|Win32.Build.0 = Unicode Release|Win32
		{0496F90B-67AF-4573-B46A-4AA5AF2B8405}.Debug|Itanium.ActiveCfg = Debug|Itanium
		{0496F90B-67AF-4573-B46A-4AA5AF2B8405}.Debug|Itanium.Build.0 = Debug|Itanium
		{0496F90B-67AF-4573-B46A-4AA5AF2B8405}.Debug|Win32.ActiveCfg = Debug|Win32
		{0496F90B-67AF-4573-B46A-4AA5AF2B8405}.Debug|Win32.Build.0 = Debug|Win32
		{0496F90B-67AF-4573-B46A-4AA5AF2B8405}.Release|Itanium.ActiveCfg = Release|Itanium
		{0496F90B-67AF-4573-B46A-4AA5AF2B8405}.Release|Itanium.Build.0 = Release|Itanium
		{0496F90B-67AF-4573-B46A-4AA5AF2B8405}.Release|Win32.ActiveCfg = Release|Win32
		{0496F90B-67AF-4573-B46A-4AA5AF2B8405}.Release|Win32.Build.0 = Release|Win32
		{0496F90B-67AF-4573-B46A-4AA5AF2B8405}.Unicode Debug|Itanium.ActiveCfg = Unicode Debug|Itanium
		{0496F90B-67AF-4573-B46A-4AA5AF2B8405}.Unicode Debug|Itanium.Build.0 = Unicode Debug|Itanium
		{0496F90B-67AF-4573-B46A-4AA5AF2B8405}.Unicode Debug|Win32.ActiveCfg = Unicode Debug|Win32
		{0496F90B-67AF-4573-B46A-4AA5AF2B8405}.Unicode Debug|Win32.Build.0 = Unicode Debug|Win32
		{0496F90B-67AF-4573-B46A-4AA5AF2B8405}.Unicode Release|Itanium.ActiveCfg = Unicode Release|Itanium
		{0496F90B-67AF-4573-B46A-4AA5AF2B8405}.Unicode Release|Itanium.Build.0 = Unicode Release|Itanium
		{0496F90B-67AF-4573-B46A-4AA5AF2B8405}.Unicode Release|Win32.ActiveCfg = Unicode Release|Win32
		{0496F90B-67AF-4573-B46A-4AA5AF2B8405}.Unicode Release|Win32.Build.0 = Unicode Release|Win32
		{AAEECF0F-72D6-49D2-B2D0-6F109ECA9FC6}.Debug|Itanium.ActiveCfg = Debug|Itanium
		{AAEECF0F-72D6-49D2-B2D0-6F109ECA9FC6}.Debug|Itanium.Build.0 = Debug|Itanium
		{AAEECF0F-72D6-49D2-B2D0-6F109ECA9FC6}.Debug|Win32.ActiveCfg = Debug|Win32
		{AAEECF0F-72D6-49D2-B2D0-6F109ECA9FC6}.Debug|Win32.Build.0 = Debug|Win32
		{AAEECF0F-72D6-49D2-B2D0-6F109ECA9FC6}.Release|Itanium.ActiveCfg = Release|Itanium
		{AAEECF0F-72D6-49D2-B2D0-6F109ECA9FC6}.Release|Itanium.Build.0 = Release|Itanium
		{AAEECF0F-72D6-49D2-B2D0-6F109ECA9FC6}.Release|Win32.ActiveCfg = Release|Win32
		{AAEECF0F-72D6-49D2-B2D0-6F109ECA9FC6}.Release|Win32.Build.0 = Release|Win32
		{AAEECF0F-72D6-49D2-B2D0-6F109ECA9FC6}.Unicode Debug|Itanium.ActiveCfg = Unicode Debug|Itanium
		{AAEECF0F-72D6-49D2-B2D0-6F109ECA9FC6}.Unicode Debug|Itanium.Build.0 = Unicode Debug|Itanium
		{AAEECF0F-72D6-49D2-B2D0-6F109ECA9FC6}.Unicode Debug|Win32.ActiveCfg = Unicode Debug|Win32
		{AAEECF0F-72D6-49D2-B2D0-6F109ECA9FC6}.Unicode Debug|Win32.Build.0 = Unicode Debug|Win32
		{AAEECF0F-72D6-49D2-B2D0-6F109ECA9FC6}.Unicode Release|Itanium.ActiveCfg = Unicode Release|Itanium
		{AAEECF0F-72D6-49D2-B2D0-6F109ECA9FC6}.Unicode Release|Itanium.Build.0 = Unicode Release|Itanium
		{AAEECF0F-72D6-49D2-B2D0-6F109ECA9FC6}.Unicode Release|Win32.ActiveCfg = Unicode Release|Win32
		{AAEECF0F-72D6-49D2-B2D0-6F109ECA9FC6}.Unicode Release|Win32.Build.0 = Unicode Release|Win32
		{CEAA3F10-EDDE-4744-85B7-FE98496482FA}.Debug|Itanium.ActiveCfg = Debug|Itanium
		{CEAA3F10-EDDE-4744-85B7-FE98496482FA}.Debug|Itanium.Build.0 = Debug|Itanium
		{CEAA3F10-EDDE-4744-85B7-FE98496482FA}.Debug|Win32.ActiveCfg = Debug|Win32
		{CEAA3F10-EDDE-4744-85B7-FE98496482FA}.Debug|Win32.Build.0 = Debug|Win32
		{CEAA3F10-EDDE-4744-85B7-FE98496482FA}.Release|Itanium.ActiveCfg = Release|Itanium
		{CEAA3F10-EDDE-4744-85B7-FE98496482FA}.Release|Itanium.Build.0 = Release|Itanium
		{CEAA3F10-EDDE-4744-85B7-FE98496482FA}.Release|Win32.ActiveCfg = Release|Win32
		{CEAA3F10-EDDE-4744-85B7-FE98496482FA}.Release|Win32.Build.0 = Release|Win32
		{CEAA3F10-EDDE-4744-85B7-FE98496482FA}.Unicode Debug|Itanium.ActiveCfg = Unicode Debug|Itanium
		{CEAA3F10-EDDE-4744-85B7-FE98496482FA}.Unicode Debug|Itanium.Build.0 = Unicode Debug|Itanium
		{CEAA3F10-EDDE-4744-85B7-FE98496482FA}.Unicode Debug|Win32.ActiveCfg = Unicode Debug|Win32
		{CEAA3F10-EDDE-4744-85B7-FE98496482FA}.Unicode Debug|Win32.Build.0 = Unicode Debug|Win32
		{CEAA3F10-EDDE-4744-85B7-FE98496482FA}.Unicode Release|Itanium.ActiveCfg = Unicode Release|Itanium
		{CEAA3F10-EDDE-4744-85B7-FE98496482FA}.Unicode Release|Itanium.Build.0 = Unicode Release|Itanium
		{CEAA3F10-EDDE-4744-85B7-FE98496482FA}.Unicode Release|Win32.ActiveCfg = Unicode Release|Win32
		{CEAA3F10-EDDE-4744-85B7-FE98496482FA}.Unicode Release|Win32.Build.0 = Unicode Release|Win32
		{B93ADCC5-A0A9-42BA-84A2-F3AA6161690B}.Debug|Itanium.ActiveCfg = Debug|Win32
		{B93ADCC5-A0A9-42BA-84A2-F3AA6161690B}.Debug|Win32.ActiveCfg = Debug|Win32
		{B93ADCC5-A0A9-42BA-84A2-F3AA6161690B}.Debug|Win32.Build.0 = Debug|Win32
		{B93ADCC5-A0A9-42BA-84A2-F3AA6161690B}.Release|Itanium.ActiveCfg = Release|Win32
		{B93ADCC5-A0A9-42BA-84A2-F3AA6161690B}.Release|Win32.ActiveCfg = Release|Win32
		{B93ADCC5-A0A9-42BA-84A2-F3AA6161690B}.Release|Win32.Build.0 = Release|Win32
		{B93ADCC5-A0A9-42BA-84A2-F3AA6161690B}.Unicode Debug|Itanium.ActiveCfg = Debug|Win32
		{B93ADCC5-A0A9-42BA-84A2-F3AA6161690B}.Unicode Debug|Win32.ActiveCfg = Debug|Win32
		{B93ADCC5-A0A9-42BA-84A2-F3AA6161690B}.Unicode Debug|Win32.Build.0 = Debug|Win32
		{B93ADCC5-A0A9-42BA-84A2-F3AA6161690B}.Unicode Release|Itanium.ActiveCfg = Release|Win32
		{B93ADCC5-A0A9-42BA-84A2-F3AA6161690B}.Unicode Release|Win32.ActiveCfg = Release|Win32
		{B93ADCC5-A0A9-42BA-84A2-F3AA6161690B}.Unicode Release|Win32.Build.0 = Release|Win32
	EndGlobalSection
	GlobalSection(SolutionProperties) = preSolution
		HideSolutionNode = FALSE
	EndGlobalSection
	GlobalSection(SubversionScc) = preSolution
		Svn-Managed = True
		Manager = AnkhSVN - Subversion Support for Visual Studio
	EndGlobalSection
EndGlobal
