<?xml version="1.0" encoding="utf-8"?>
<Project ToolsVersion="4.0" xmlns="http://schemas.microsoft.com/developer/msbuild/2003">
  <ItemGroup>
    <Filter Include="Source Files">
      <UniqueIdentifier>{b9c10300-16a8-4fd4-a6c8-844f42f3eb05}</UniqueIdentifier>
      <Extensions>cpp;c;cxx;rc;def;r;odl;idl;hpj;bat</Extensions>
    </Filter>
    <Filter Include="Header Files">
      <UniqueIdentifier>{83ad0220-c9bd-4acb-ab34-1ecc8732246c}</UniqueIdentifier>
      <Extensions>h;hpp;hxx;hm;inl</Extensions>
    </Filter>
    <Filter Include="Resource Files">
      <UniqueIdentifier>{ae822eb0-8c04-43fd-b2ba-7e2574047613}</UniqueIdentifier>
      <Extensions>ico;cur;bmp;dlg;rc2;rct;bin;rgs;gif;jpg;jpeg;jpe</Extensions>
    </Filter>
  </ItemGroup>
  <ItemGroup>
    <ClCompile Include="ComboLine.cpp">
      <Filter>Source Files</Filter>
    </ClCompile>
    <ClCompile Include="DispLogCurve.cpp">
      <Filter>Source Files</Filter>
    </ClCompile>
    <ClCompile Include="DispLogCurveDoc.cpp">
      <Filter>Source Files</Filter>
    </ClCompile>
    <ClCompile Include="DispLogCurveFrame.cpp">
      <Filter>Source Files</Filter>
    </ClCompile>
    <ClCompile Include="DispLogCurveView.cpp">
      <Filter>Source Files</Filter>
    </ClCompile>
    <ClCompile Include="DlgAddCurve.cpp">
      <Filter>Source Files</Filter>
    </ClCompile>
    <ClCompile Include="DlgAddLane.cpp">
      <Filter>Source Files</Filter>
    </ClCompile>
    <ClCompile Include="DlgCurveSetup.cpp">
      <Filter>Source Files</Filter>
    </ClCompile>
    <ClCompile Include="DlgDepthSetup.cpp">
      <Filter>Source Files</Filter>
    </ClCompile>
    <ClCompile Include="DlgLaneSetup.cpp">
      <Filter>Source Files</Filter>
    </ClCompile>
    <ClCompile Include="DlgSetWidth.cpp">
      <Filter>Source Files</Filter>
    </ClCompile>
    <ClCompile Include="DlgTemplEdit.cpp">
      <Filter>Source Files</Filter>
    </ClCompile>
    <ClCompile Include="DlgTemplSelect.cpp">
      <Filter>Source Files</Filter>
    </ClCompile>
    <ClCompile Include="EmptyDoc.cpp">
      <Filter>Source Files</Filter>
    </ClCompile>
    <ClCompile Include="InPlaceEdit.cpp">
      <Filter>Source Files</Filter>
    </ClCompile>
    <ClCompile Include="LogCurveDatStruct.cpp">
      <Filter>Source Files</Filter>
    </ClCompile>
    <ClCompile Include="LogTemplPage.cpp">
      <Filter>Source Files</Filter>
    </ClCompile>
    <ClCompile Include="LogTemplSheet.cpp">
      <Filter>Source Files</Filter>
    </ClCompile>
    <ClCompile Include="SetWidthEdit.cpp">
      <Filter>Source Files</Filter>
    </ClCompile>
    <ClCompile Include="SetWidthView.cpp">
      <Filter>Source Files</Filter>
    </ClCompile>
    <ClCompile Include="StdAfx.cpp">
      <Filter>Source Files</Filter>
    </ClCompile>
    <ClCompile Include="VisualCalc\VCalcParser.cpp">
      <Filter>Source Files</Filter>
    </ClCompile>
    <ClCompile Include="VisualCalc\VCalcParserException.cpp">
      <Filter>Source Files</Filter>
    </ClCompile>
    <ClCompile Include="WatchBar.cpp">
      <Filter>Source Files</Filter>
    </ClCompile>
  </ItemGroup>
  <ItemGroup>
    <None Include="DispLogCurve.def">
      <Filter>Source Files</Filter>
    </None>
    <None Include="res\bs0.bmp">
      <Filter>Resource Files</Filter>
    </None>
    <None Include="res\bs1.bmp">
      <Filter>Resource Files</Filter>
    </None>
    <None Include="res\bs2.bmp">
      <Filter>Resource Files</Filter>
    </None>
    <None Include="res\bs3.bmp">
      <Filter>Resource Files</Filter>
    </None>
    <None Include="res\bs4.bmp">
      <Filter>Resource Files</Filter>
    </None>
    <None Include="res\bs5.bmp">
      <Filter>Resource Files</Filter>
    </None>
    <None Include="res\DispLogCurve.rc2">
      <Filter>Resource Files</Filter>
    </None>
    <None Include="res\ico00001.ico">
      <Filter>Resource Files</Filter>
    </None>
    <None Include="res\ico00002.ico">
      <Filter>Resource Files</Filter>
    </None>
    <None Include="res\ico00003.ico">
      <Filter>Resource Files</Filter>
    </None>
    <None Include="res\ico00004.ico">
      <Filter>Resource Files</Filter>
    </None>
    <None Include="res\ico00005.ico">
      <Filter>Resource Files</Filter>
    </None>
    <None Include="res\ico00006.ico">
      <Filter>Resource Files</Filter>
    </None>
    <None Include="res\ico00007.ico">
      <Filter>Resource Files</Filter>
    </None>
    <None Include="res\ico00008.ico">
      <Filter>Resource Files</Filter>
    </None>
    <None Include="res\ico00009.ico">
      <Filter>Resource Files</Filter>
    </None>
    <None Include="res\ico00010.ico">
      <Filter>Resource Files</Filter>
    </None>
    <None Include="res\ico00011.ico">
      <Filter>Resource Files</Filter>
    </None>
    <None Include="res\ico00012.ico">
      <Filter>Resource Files</Filter>
    </None>
    <None Include="res\ico00013.ico">
      <Filter>Resource Files</Filter>
    </None>
    <None Include="res\ico00014.ico">
      <Filter>Resource Files</Filter>
    </None>
    <None Include="res\ico00015.ico">
      <Filter>Resource Files</Filter>
    </None>
    <None Include="res\ico00016.ico">
      <Filter>Resource Files</Filter>
    </None>
    <None Include="res\ico00017.ico">
      <Filter>Resource Files</Filter>
    </None>
    <None Include="res\ico00018.ico">
      <Filter>Resource Files</Filter>
    </None>
    <None Include="res\icon1.ico">
      <Filter>Resource Files</Filter>
    </None>
    <None Include="icon1.ico">
      <Filter>Resource Files</Filter>
    </None>
    <None Include="res\icon2.ico">
      <Filter>Resource Files</Filter>
    </None>
    <None Include="res\icon3.ico">
      <Filter>Resource Files</Filter>
    </None>
    <None Include="res\log.ico">
      <Filter>Resource Files</Filter>
    </None>
    <None Include="res\toolbar1.bmp">
      <Filter>Resource Files</Filter>
    </None>
    <None Include="toolbar1.bmp">
      <Filter>Resource Files</Filter>
    </None>
    <None Include="res\xch.ico">
      <Filter>Resource Files</Filter>
    </None>
    <None Include="ReadMe.txt" />
  </ItemGroup>
  <ItemGroup>
    <ResourceCompile Include="DispLogCurve.rc">
      <Filter>Source Files</Filter>
    </ResourceCompile>
  </ItemGroup>
  <ItemGroup>
    <ClInclude Include="ComboLine.h">
      <Filter>Header Files</Filter>
    </ClInclude>
    <ClInclude Include="DispLogCurve.h">
      <Filter>Header Files</Filter>
    </ClInclude>
    <ClInclude Include="DispLogCurveDoc.h">
      <Filter>Header Files</Filter>
    </ClInclude>
    <ClInclude Include="DispLogCurveFrame.h">
      <Filter>Header Files</Filter>
    </ClInclude>
    <ClInclude Include="DispLogCurveView.h">
      <Filter>Header Files</Filter>
    </ClInclude>
    <ClInclude Include="DlgAddCurve.h">
      <Filter>Header Files</Filter>
    </ClInclude>
    <ClInclude Include="DlgAddLane.h">
      <Filter>Header Files</Filter>
    </ClInclude>
    <ClInclude Include="DlgCurveSetup.h">
      <Filter>Header Files</Filter>
    </ClInclude>
    <ClInclude Include="DlgDepthSetup.h">
      <Filter>Header Files</Filter>
    </ClInclude>
    <ClInclude Include="DlgLaneSetup.h">
      <Filter>Header Files</Filter>
    </ClInclude>
    <ClInclude Include="DlgSetWidth.h">
      <Filter>Header Files</Filter>
    </ClInclude>
    <ClInclude Include="DlgTemplEdit.h">
      <Filter>Header Files</Filter>
    </ClInclude>
    <ClInclude Include="DlgTemplSelect.h">
      <Filter>Header Files</Filter>
    </ClInclude>
    <ClInclude Include="EmptyDoc.h">
      <Filter>Header Files</Filter>
    </ClInclude>
    <ClInclude Include="InPlaceEdit.h">
      <Filter>Header Files</Filter>
    </ClInclude>
    <ClInclude Include="LogCurveDatStruct.h">
      <Filter>Header Files</Filter>
    </ClInclude>
    <ClInclude Include="LogTemplPage.h">
      <Filter>Header Files</Filter>
    </ClInclude>
    <ClInclude Include="LogTemplSheet.h">
      <Filter>Header Files</Filter>
    </ClInclude>
    <ClInclude Include="Resource.h">
      <Filter>Header Files</Filter>
    </ClInclude>
    <ClInclude Include="SetWidthEdit.h">
      <Filter>Header Files</Filter>
    </ClInclude>
    <ClInclude Include="SetWidthView.h">
      <Filter>Header Files</Filter>
    </ClInclude>
    <ClInclude Include="StdAfx.h">
      <Filter>Header Files</Filter>
    </ClInclude>
    <ClInclude Include="VisualCalc\VCalcParser.h">
      <Filter>Header Files</Filter>
    </ClInclude>
    <ClInclude Include="VisualCalc\VCalcParserException.h">
      <Filter>Header Files</Filter>
    </ClInclude>
    <ClInclude Include="VisualCalc\VCalcParserTypes.h">
      <Filter>Header Files</Filter>
    </ClInclude>
    <ClInclude Include="WatchBar.h">
      <Filter>Header Files</Filter>
    </ClInclude>
  </ItemGroup>
</Project>